
Microsoft Visual Studio Solution File, Format Version 12.00
# Visual Studio Version 16
VisualStudioVersion = 16.0.30114.105
MinimumVisualStudioVersion = 10.0.40219.1
Project("{FAE04EC0-301F-11D3-BF4B-00C04F79EFBC}") = "Pokedex", "Pokedex\Pokedex.csproj", "{1F19F966-3ACC-4F18-A632-0321922D7A4A}"
EndProject
Global
	GlobalSection(SolutionConfigurationPlatforms) = preSolution
		Debug|Any CPU = Debug|Any CPU
		Release|Any CPU = Release|Any CPU
	EndGlobalSection
	GlobalSection(SolutionProperties) = preSolution
		HideSolutionNode = FALSE
	EndGlobalSection
	GlobalSection(ProjectConfigurationPlatforms) = postSolution
		{1F19F966-3ACC-4F18-A632-0321922D7A4A}.Debug|Any CPU.ActiveCfg = Debug|Any CPU
		{1F19F966-3ACC-4F18-A632-0321922D7A4A}.Debug|Any CPU.Build.0 = Debug|Any CPU
		{1F19F966-3ACC-4F18-A632-0321922D7A4A}.Release|Any CPU.ActiveCfg = Release|Any CPU
		{1F19F966-3ACC-4F18-A632-0321922D7A4A}.Release|Any CPU.Build.0 = Release|Any CPU
	EndGlobalSection
EndGlobal
